// !$*UTF8*$!
{
	archiveVersion = 1;
	classes = {
	};
	objectVersion = 56;
	objects = {

/* Begin PBXBuildFile section */
		B4A487FA29446CC0001849D4 /* Extensions.swift in Sources */ = {isa = PBXBuildFile; fileRef = B4A487F929446CC0001849D4 /* Extensions.swift */; };
		B4A487FD2944F1EA001849D4 /* FirebaseAuth in Frameworks */ = {isa = PBXBuildFile; productRef = B4A487FC2944F1EA001849D4 /* FirebaseAuth */; };
		B4A487FF2944F1EA001849D4 /* FirebaseDatabase in Frameworks */ = {isa = PBXBuildFile; productRef = B4A487FE2944F1EA001849D4 /* FirebaseDatabase */; };
		B4A488012944F1EA001849D4 /* FirebaseStorage in Frameworks */ = {isa = PBXBuildFile; productRef = B4A488002944F1EA001849D4 /* FirebaseStorage */; };
		B4A488032944F1FB001849D4 /* GoogleService-Info.plist in Resources */ = {isa = PBXBuildFile; fileRef = B4A488022944F1FB001849D4 /* GoogleService-Info.plist */; };
		B4A488052944FF27001849D4 /* DatabaseManager.swift in Sources */ = {isa = PBXBuildFile; fileRef = B4A488042944FF27001849D4 /* DatabaseManager.swift */; };
		B4F64D6729445F39001DCD06 /* AppDelegate.swift in Sources */ = {isa = PBXBuildFile; fileRef = B4F64D6629445F39001DCD06 /* AppDelegate.swift */; };
		B4F64D6929445F39001DCD06 /* SceneDelegate.swift in Sources */ = {isa = PBXBuildFile; fileRef = B4F64D6829445F39001DCD06 /* SceneDelegate.swift */; };
		B4F64D6B29445F39001DCD06 /* ChatsViewController.swift in Sources */ = {isa = PBXBuildFile; fileRef = B4F64D6A29445F39001DCD06 /* ChatsViewController.swift */; };
		B4F64D6E29445F39001DCD06 /* Main.storyboard in Resources */ = {isa = PBXBuildFile; fileRef = B4F64D6C29445F39001DCD06 /* Main.storyboard */; };
		B4F64D7029445F3C001DCD06 /* Assets.xcassets in Resources */ = {isa = PBXBuildFile; fileRef = B4F64D6F29445F3C001DCD06 /* Assets.xcassets */; };
		B4F64D7329445F3C001DCD06 /* LaunchScreen.storyboard in Resources */ = {isa = PBXBuildFile; fileRef = B4F64D7129445F3C001DCD06 /* LaunchScreen.storyboard */; };
		B4F64D8229446303001DCD06 /* LoginViewController.swift in Sources */ = {isa = PBXBuildFile; fileRef = B4F64D8129446303001DCD06 /* LoginViewController.swift */; };
		B4F64D8429446314001DCD06 /* RegistroViewController.swift in Sources */ = {isa = PBXBuildFile; fileRef = B4F64D8329446314001DCD06 /* RegistroViewController.swift */; };
		B4F64D862944632F001DCD06 /* VistaFotoViewController.swift in Sources */ = {isa = PBXBuildFile; fileRef = B4F64D852944632F001DCD06 /* VistaFotoViewController.swift */; };
		B4F64D8829446344001DCD06 /* VistaVideoViewController.swift in Sources */ = {isa = PBXBuildFile; fileRef = B4F64D8729446344001DCD06 /* VistaVideoViewController.swift */; };
		B4F64D8A29446358001DCD06 /* NewChatViewController.swift in Sources */ = {isa = PBXBuildFile; fileRef = B4F64D8929446358001DCD06 /* NewChatViewController.swift */; };
		B4F64D8C29446374001DCD06 /* PerfilViewController.swift in Sources */ = {isa = PBXBuildFile; fileRef = B4F64D8B29446374001DCD06 /* PerfilViewController.swift */; };
/* End PBXBuildFile section */

/* Begin PBXFileReference section */
		B4A487F929446CC0001849D4 /* Extensions.swift */ = {isa = PBXFileReference; lastKnownFileType = sourcecode.swift; path = Extensions.swift; sourceTree = "<group>"; };
		B4A488022944F1FB001849D4 /* GoogleService-Info.plist */ = {isa = PBXFileReference; fileEncoding = 4; lastKnownFileType = text.plist.xml; path = "GoogleService-Info.plist"; sourceTree = "<group>"; };
		B4A488042944FF27001849D4 /* DatabaseManager.swift */ = {isa = PBXFileReference; lastKnownFileType = sourcecode.swift; path = DatabaseManager.swift; sourceTree = "<group>"; };
		B4F64D6329445F39001DCD06 /* Mensajitos.app */ = {isa = PBXFileReference; explicitFileType = wrapper.application; includeInIndex = 0; path = Mensajitos.app; sourceTree = BUILT_PRODUCTS_DIR; };
		B4F64D6629445F39001DCD06 /* AppDelegate.swift */ = {isa = PBXFileReference; lastKnownFileType = sourcecode.swift; path = AppDelegate.swift; sourceTree = "<group>"; };
		B4F64D6829445F39001DCD06 /* SceneDelegate.swift */ = {isa = PBXFileReference; lastKnownFileType = sourcecode.swift; path = SceneDelegate.swift; sourceTree = "<group>"; };
		B4F64D6A29445F39001DCD06 /* ChatsViewController.swift */ = {isa = PBXFileReference; lastKnownFileType = sourcecode.swift; path = ChatsViewController.swift; sourceTree = "<group>"; };
		B4F64D6D29445F39001DCD06 /* Base */ = {isa = PBXFileReference; lastKnownFileType = file.storyboard; name = Base; path = Base.lproj/Main.storyboard; sourceTree = "<group>"; };
		B4F64D6F29445F3C001DCD06 /* Assets.xcassets */ = {isa = PBXFileReference; lastKnownFileType = folder.assetcatalog; path = Assets.xcassets; sourceTree = "<group>"; };
		B4F64D7229445F3C001DCD06 /* Base */ = {isa = PBXFileReference; lastKnownFileType = file.storyboard; name = Base; path = Base.lproj/LaunchScreen.storyboard; sourceTree = "<group>"; };
		B4F64D7429445F3C001DCD06 /* Info.plist */ = {isa = PBXFileReference; lastKnownFileType = text.plist.xml; path = Info.plist; sourceTree = "<group>"; };
		B4F64D8129446303001DCD06 /* LoginViewController.swift */ = {isa = PBXFileReference; lastKnownFileType = sourcecode.swift; path = LoginViewController.swift; sourceTree = "<group>"; };
		B4F64D8329446314001DCD06 /* RegistroViewController.swift */ = {isa = PBXFileReference; lastKnownFileType = sourcecode.swift; path = RegistroViewController.swift; sourceTree = "<group>"; };
		B4F64D852944632F001DCD06 /* VistaFotoViewController.swift */ = {isa = PBXFileReference; lastKnownFileType = sourcecode.swift; path = VistaFotoViewController.swift; sourceTree = "<group>"; };
		B4F64D8729446344001DCD06 /* VistaVideoViewController.swift */ = {isa = PBXFileReference; lastKnownFileType = sourcecode.swift; path = VistaVideoViewController.swift; sourceTree = "<group>"; };
		B4F64D8929446358001DCD06 /* NewChatViewController.swift */ = {isa = PBXFileReference; lastKnownFileType = sourcecode.swift; path = NewChatViewController.swift; sourceTree = "<group>"; };
		B4F64D8B29446374001DCD06 /* PerfilViewController.swift */ = {isa = PBXFileReference; lastKnownFileType = sourcecode.swift; path = PerfilViewController.swift; sourceTree = "<group>"; };
/* End PBXFileReference section */

/* Begin PBXFrameworksBuildPhase section */
		B4F64D6029445F39001DCD06 /* Frameworks */ = {
			isa = PBXFrameworksBuildPhase;
			buildActionMask = 2147483647;
			files = (
				B4A487FF2944F1EA001849D4 /* FirebaseDatabase in Frameworks */,
				B4A487FD2944F1EA001849D4 /* FirebaseAuth in Frameworks */,
				B4A488012944F1EA001849D4 /* FirebaseStorage in Frameworks */,
			);
			runOnlyForDeploymentPostprocessing = 0;
		};
/* End PBXFrameworksBuildPhase section */

/* Begin PBXGroup section */
		B4F64D5A29445F39001DCD06 = {
			isa = PBXGroup;
			children = (
				B4F64D6529445F39001DCD06 /* Mensajitos */,
				B4F64D6429445F39001DCD06 /* Products */,
			);
			sourceTree = "<group>";
		};
		B4F64D6429445F39001DCD06 /* Products */ = {
			isa = PBXGroup;
			children = (
				B4F64D6329445F39001DCD06 /* Mensajitos.app */,
			);
			name = Products;
			sourceTree = "<group>";
		};
		B4F64D6529445F39001DCD06 /* Mensajitos */ = {
			isa = PBXGroup;
			children = (
				B4A488022944F1FB001849D4 /* GoogleService-Info.plist */,
				B4F64D7F2944617E001DCD06 /* Resources */,
				B4F64D7E29446174001DCD06 /* ViewModels */,
				B4F64D7D29446165001DCD06 /* Models */,
				B4F64D7C29446153001DCD06 /* Views */,
				B4F64D7B2944614A001DCD06 /* Controladores */,
				B4F64D7429445F3C001DCD06 /* Info.plist */,
			);
			path = Mensajitos;
			sourceTree = "<group>";
		};
		B4F64D7B2944614A001DCD06 /* Controladores */ = {
			isa = PBXGroup;
			children = (
				B4F64D6A29445F39001DCD06 /* ChatsViewController.swift */,
				B4F64D8E2944642F001DCD06 /* Login */,
				B4F64D852944632F001DCD06 /* VistaFotoViewController.swift */,
				B4F64D8729446344001DCD06 /* VistaVideoViewController.swift */,
				B4F64D8929446358001DCD06 /* NewChatViewController.swift */,
				B4F64D8B29446374001DCD06 /* PerfilViewController.swift */,
			);
			path = Controladores;
			sourceTree = "<group>";
		};
		B4F64D7C29446153001DCD06 /* Views */ = {
			isa = PBXGroup;
			children = (
				B4F64D80294461A8001DCD06 /* Storyboards */,
				B4F64D6F29445F3C001DCD06 /* Assets.xcassets */,
			);
			path = Views;
			sourceTree = "<group>";
		};
		B4F64D7D29446165001DCD06 /* Models */ = {
			isa = PBXGroup;
			children = (
			);
			path = Models;
			sourceTree = "<group>";
		};
		B4F64D7E29446174001DCD06 /* ViewModels */ = {
			isa = PBXGroup;
			children = (
			);
			path = ViewModels;
			sourceTree = "<group>";
		};
		B4F64D7F2944617E001DCD06 /* Resources */ = {
			isa = PBXGroup;
			children = (
				B4F64D6629445F39001DCD06 /* AppDelegate.swift */,
				B4F64D6829445F39001DCD06 /* SceneDelegate.swift */,
				B4A487F929446CC0001849D4 /* Extensions.swift */,
				B4A488042944FF27001849D4 /* DatabaseManager.swift */,
			);
			path = Resources;
			sourceTree = "<group>";
		};
		B4F64D80294461A8001DCD06 /* Storyboards */ = {
			isa = PBXGroup;
			children = (
				B4F64D6C29445F39001DCD06 /* Main.storyboard */,
				B4F64D7129445F3C001DCD06 /* LaunchScreen.storyboard */,
			);
			path = Storyboards;
			sourceTree = "<group>";
		};
		B4F64D8E2944642F001DCD06 /* Login */ = {
			isa = PBXGroup;
			children = (
				B4F64D8129446303001DCD06 /* LoginViewController.swift */,
				B4F64D8329446314001DCD06 /* RegistroViewController.swift */,
			);
			path = Login;
			sourceTree = "<group>";
		};
/* End PBXGroup section */

/* Begin PBXNativeTarget section */
		B4F64D6229445F39001DCD06 /* Mensajitos */ = {
			isa = PBXNativeTarget;
			buildConfigurationList = B4F64D7729445F3C001DCD06 /* Build configuration list for PBXNativeTarget "Mensajitos" */;
			buildPhases = (
				B4F64D5F29445F39001DCD06 /* Sources */,
				B4F64D6029445F39001DCD06 /* Frameworks */,
				B4F64D6129445F39001DCD06 /* Resources */,
			);
			buildRules = (
			);
			dependencies = (
			);
			name = Mensajitos;
			packageProductDependencies = (
				B4A487FC2944F1EA001849D4 /* FirebaseAuth */,
				B4A487FE2944F1EA001849D4 /* FirebaseDatabase */,
				B4A488002944F1EA001849D4 /* FirebaseStorage */,
			);
			productName = Mensajitos;
			productReference = B4F64D6329445F39001DCD06 /* Mensajitos.app */;
			productType = "com.apple.product-type.application";
		};
/* End PBXNativeTarget section */

/* Begin PBXProject section */
		B4F64D5B29445F39001DCD06 /* Project object */ = {
			isa = PBXProject;
			attributes = {
				BuildIndependentTargetsInParallel = 1;
				LastSwiftUpdateCheck = 1410;
				LastUpgradeCheck = 1410;
				TargetAttributes = {
					B4F64D6229445F39001DCD06 = {
						CreatedOnToolsVersion = 14.1;
					};
				};
			};
			buildConfigurationList = B4F64D5E29445F39001DCD06 /* Build configuration list for PBXProject "Mensajitos" */;
			compatibilityVersion = "Xcode 14.0";
			developmentRegion = en;
			hasScannedForEncodings = 0;
			knownRegions = (
				en,
				Base,
			);
			mainGroup = B4F64D5A29445F39001DCD06;
			packageReferences = (
				B4A487FB2944F1EA001849D4 /* XCRemoteSwiftPackageReference "firebase-ios-sdk" */,
			);
			productRefGroup = B4F64D6429445F39001DCD06 /* Products */;
			projectDirPath = "";
			projectRoot = "";
			targets = (
				B4F64D6229445F39001DCD06 /* Mensajitos */,
			);
		};
/* End PBXProject section */

/* Begin PBXResourcesBuildPhase section */
		B4F64D6129445F39001DCD06 /* Resources */ = {
			isa = PBXResourcesBuildPhase;
			buildActionMask = 2147483647;
			files = (
				B4A488032944F1FB001849D4 /* GoogleService-Info.plist in Resources */,
				B4F64D7329445F3C001DCD06 /* LaunchScreen.storyboard in Resources */,
				B4F64D7029445F3C001DCD06 /* Assets.xcassets in Resources */,
				B4F64D6E29445F39001DCD06 /* Main.storyboard in Resources */,
			);
			runOnlyForDeploymentPostprocessing = 0;
		};
/* End PBXResourcesBuildPhase section */

/* Begin PBXSourcesBuildPhase section */
		B4F64D5F29445F39001DCD06 /* Sources */ = {
			isa = PBXSourcesBuildPhase;
			buildActionMask = 2147483647;
			files = (
				B4F64D8829446344001DCD06 /* VistaVideoViewController.swift in Sources */,
				B4A488052944FF27001849D4 /* DatabaseManager.swift in Sources */,
				B4F64D8229446303001DCD06 /* LoginViewController.swift in Sources */,
				B4F64D6B29445F39001DCD06 /* ChatsViewController.swift in Sources */,
				B4F64D8C29446374001DCD06 /* PerfilViewController.swift in Sources */,
				B4F64D862944632F001DCD06 /* VistaFotoViewController.swift in Sources */,
				B4A487FA29446CC0001849D4 /* Extensions.swift in Sources */,
				B4F64D6729445F39001DCD06 /* AppDelegate.swift in Sources */,
				B4F64D8429446314001DCD06 /* RegistroViewController.swift in Sources */,
				B4F64D6929445F39001DCD06 /* SceneDelegate.swift in Sources */,
				B4F64D8A29446358001DCD06 /* NewChatViewController.swift in Sources */,
			);
			runOnlyForDeploymentPostprocessing = 0;
		};
/* End PBXSourcesBuildPhase section */

/* Begin PBXVariantGroup section */
		B4F64D6C29445F39001DCD06 /* Main.storyboard */ = {
			isa = PBXVariantGroup;
			children = (
				B4F64D6D29445F39001DCD06 /* Base */,
			);
			name = Main.storyboard;
			sourceTree = "<group>";
		};
		B4F64D7129445F3C001DCD06 /* LaunchScreen.storyboard */ = {
			isa = PBXVariantGroup;
			children = (
				B4F64D7229445F3C001DCD06 /* Base */,
			);
			name = LaunchScreen.storyboard;
			sourceTree = "<group>";
		};
/* End PBXVariantGroup section */

/* Begin XCBuildConfiguration section */
		B4F64D7529445F3C001DCD06 /* Debug */ = {
			isa = XCBuildConfiguration;
			buildSettings = {
				ALWAYS_SEARCH_USER_PATHS = NO;
				CLANG_ANALYZER_NONNULL = YES;
				CLANG_ANALYZER_NUMBER_OBJECT_CONVERSION = YES_AGGRESSIVE;
				CLANG_CXX_LANGUAGE_STANDARD = "gnu++20";
				CLANG_ENABLE_MODULES = YES;
				CLANG_ENABLE_OBJC_ARC = YES;
				CLANG_ENABLE_OBJC_WEAK = YES;
				CLANG_WARN_BLOCK_CAPTURE_AUTORELEASING = YES;
				CLANG_WARN_BOOL_CONVERSION = YES;
				CLANG_WARN_COMMA = YES;
				CLANG_WARN_CONSTANT_CONVERSION = YES;
				CLANG_WARN_DEPRECATED_OBJC_IMPLEMENTATIONS = YES;
				CLANG_WARN_DIRECT_OBJC_ISA_USAGE = YES_ERROR;
				CLANG_WARN_DOCUMENTATION_COMMENTS = YES;
				CLANG_WARN_EMPTY_BODY = YES;
				CLANG_WARN_ENUM_CONVERSION = YES;
				CLANG_WARN_INFINITE_RECURSION = YES;
				CLANG_WARN_INT_CONVERSION = YES;
				CLANG_WARN_NON_LITERAL_NULL_CONVERSION = YES;
				CLANG_WARN_OBJC_IMPLICIT_RETAIN_SELF = YES;
				CLANG_WARN_OBJC_LITERAL_CONVERSION = YES;
				CLANG_WARN_OBJC_ROOT_CLASS = YES_ERROR;
				CLANG_WARN_QUOTED_INCLUDE_IN_FRAMEWORK_HEADER = YES;
				CLANG_WARN_RANGE_LOOP_ANALYSIS = YES;
				CLANG_WARN_STRICT_PROTOTYPES = YES;
				CLANG_WARN_SUSPICIOUS_MOVE = YES;
				CLANG_WARN_UNGUARDED_AVAILABILITY = YES_AGGRESSIVE;
				CLANG_WARN_UNREACHABLE_CODE = YES;
				CLANG_WARN__DUPLICATE_METHOD_MATCH = YES;
				COPY_PHASE_STRIP = NO;
				DEBUG_INFORMATION_FORMAT = dwarf;
				ENABLE_STRICT_OBJC_MSGSEND = YES;
				ENABLE_TESTABILITY = YES;
				GCC_C_LANGUAGE_STANDARD = gnu11;
				GCC_DYNAMIC_NO_PIC = NO;
				GCC_NO_COMMON_BLOCKS = YES;
				GCC_OPTIMIZATION_LEVEL = 0;
				GCC_PREPROCESSOR_DEFINITIONS = (
					"DEBUG=1",
					"$(inherited)",
				);
				GCC_WARN_64_TO_32_BIT_CONVERSION = YES;
				GCC_WARN_ABOUT_RETURN_TYPE = YES_ERROR;
				GCC_WARN_UNDECLARED_SELECTOR = YES;
				GCC_WARN_UNINITIALIZED_AUTOS = YES_AGGRESSIVE;
				GCC_WARN_UNUSED_FUNCTION = YES;
				GCC_WARN_UNUSED_VARIABLE = YES;
				IPHONEOS_DEPLOYMENT_TARGET = 16.1;
				MTL_ENABLE_DEBUG_INFO = INCLUDE_SOURCE;
				MTL_FAST_MATH = YES;
				ONLY_ACTIVE_ARCH = YES;
				SDKROOT = iphoneos;
				SWIFT_ACTIVE_COMPILATION_CONDITIONS = DEBUG;
				SWIFT_OPTIMIZATION_LEVEL = "-Onone";
			};
			name = Debug;
		};
		B4F64D7629445F3C001DCD06 /* Release */ = {
			isa = XCBuildConfiguration;
			buildSettings = {
				ALWAYS_SEARCH_USER_PATHS = NO;
				CLANG_ANALYZER_NONNULL = YES;
				CLANG_ANALYZER_NUMBER_OBJECT_CONVERSION = YES_AGGRESSIVE;
				CLANG_CXX_LANGUAGE_STANDARD = "gnu++20";
				CLANG_ENABLE_MODULES = YES;
				CLANG_ENABLE_OBJC_ARC = YES;
				CLANG_ENABLE_OBJC_WEAK = YES;
				CLANG_WARN_BLOCK_CAPTURE_AUTORELEASING = YES;
				CLANG_WARN_BOOL_CONVERSION = YES;
				CLANG_WARN_COMMA = YES;
				CLANG_WARN_CONSTANT_CONVERSION = YES;
				CLANG_WARN_DEPRECATED_OBJC_IMPLEMENTATIONS = YES;
				CLANG_WARN_DIRECT_OBJC_ISA_USAGE = YES_ERROR;
				CLANG_WARN_DOCUMENTATION_COMMENTS = YES;
				CLANG_WARN_EMPTY_BODY = YES;
				CLANG_WARN_ENUM_CONVERSION = YES;
				CLANG_WARN_INFINITE_RECURSION = YES;
				CLANG_WARN_INT_CONVERSION = YES;
				CLANG_WARN_NON_LITERAL_NULL_CONVERSION = YES;
				CLANG_WARN_OBJC_IMPLICIT_RETAIN_SELF = YES;
				CLANG_WARN_OBJC_LITERAL_CONVERSION = YES;
				CLANG_WARN_OBJC_ROOT_CLASS = YES_ERROR;
				CLANG_WARN_QUOTED_INCLUDE_IN_FRAMEWORK_HEADER = YES;
				CLANG_WARN_RANGE_LOOP_ANALYSIS = YES;
				CLANG_WARN_STRICT_PROTOTYPES = YES;
				CLANG_WARN_SUSPICIOUS_MOVE = YES;
				CLANG_WARN_UNGUARDED_AVAILABILITY = YES_AGGRESSIVE;
				CLANG_WARN_UNREACHABLE_CODE = YES;
				CLANG_WARN__DUPLICATE_METHOD_MATCH = YES;
				COPY_PHASE_STRIP = NO;
				DEBUG_INFORMATION_FORMAT = "dwarf-with-dsym";
				ENABLE_NS_ASSERTIONS = NO;
				ENABLE_STRICT_OBJC_MSGSEND = YES;
				GCC_C_LANGUAGE_STANDARD = gnu11;
				GCC_NO_COMMON_BLOCKS = YES;
				GCC_WARN_64_TO_32_BIT_CONVERSION = YES;
				GCC_WARN_ABOUT_RETURN_TYPE = YES_ERROR;
				GCC_WARN_UNDECLARED_SELECTOR = YES;
				GCC_WARN_UNINITIALIZED_AUTOS = YES_AGGRESSIVE;
				GCC_WARN_UNUSED_FUNCTION = YES;
				GCC_WARN_UNUSED_VARIABLE = YES;
				IPHONEOS_DEPLOYMENT_TARGET = 16.1;
				MTL_ENABLE_DEBUG_INFO = NO;
				MTL_FAST_MATH = YES;
				SDKROOT = iphoneos;
				SWIFT_COMPILATION_MODE = wholemodule;
				SWIFT_OPTIMIZATION_LEVEL = "-O";
				VALIDATE_PRODUCT = YES;
			};
			name = Release;
		};
		B4F64D7829445F3C001DCD06 /* Debug */ = {
			isa = XCBuildConfiguration;
			buildSettings = {
				ASSETCATALOG_COMPILER_APPICON_NAME = AppIcon;
				ASSETCATALOG_COMPILER_GLOBAL_ACCENT_COLOR_NAME = AccentColor;
				CODE_SIGN_STYLE = Automatic;
				CURRENT_PROJECT_VERSION = 1;
				GENERATE_INFOPLIST_FILE = YES;
				INFOPLIST_FILE = Mensajitos/Info.plist;
				INFOPLIST_KEY_NSCameraUsageDescription = "Necesitamos acceso a su cámara";
				INFOPLIST_KEY_NSPhotoLibraryAddUsageDescription = "Necesitamos acceso a su album";
				INFOPLIST_KEY_UIApplicationSupportsIndirectInputEvents = YES;
				INFOPLIST_KEY_UILaunchStoryboardName = LaunchScreen;
				INFOPLIST_KEY_UIMainStoryboardFile = Main;
				INFOPLIST_KEY_UISupportedInterfaceOrientations_iPad = "UIInterfaceOrientationPortrait UIInterfaceOrientationPortraitUpsideDown";
				INFOPLIST_KEY_UISupportedInterfaceOrientations_iPhone = "UIInterfaceOrientationPortrait UIInterfaceOrientationLandscapeLeft UIInterfaceOrientationLandscapeRight";
				LD_RUNPATH_SEARCH_PATHS = (
					"$(inherited)",
					"@executable_path/Frameworks",
				);
				MARKETING_VERSION = 1.0;
				PRODUCT_BUNDLE_IDENTIFIER = empresa.Mensajitos;
				PRODUCT_NAME = "$(TARGET_NAME)";
				SWIFT_EMIT_LOC_STRINGS = YES;
				SWIFT_VERSION = 5.0;
				TARGETED_DEVICE_FAMILY = "1,2";
			};
			name = Debug;
		};
		B4F64D7929445F3C001DCD06 /* Release */ = {
			isa = XCBuildConfiguration;
			buildSettings = {
				ASSETCATALOG_COMPILER_APPICON_NAME = AppIcon;
				ASSETCATALOG_COMPILER_GLOBAL_ACCENT_COLOR_NAME = AccentColor;
				CODE_SIGN_STYLE = Automatic;
				CURRENT_PROJECT_VERSION = 1;
				GENERATE_INFOPLIST_FILE = YES;
				INFOPLIST_FILE = Mensajitos/Info.plist;
				INFOPLIST_KEY_NSCameraUsageDescription = "Necesitamos acceso a su cámara";
				INFOPLIST_KEY_NSPhotoLibraryAddUsageDescription = "Necesitamos acceso a su album";
				INFOPLIST_KEY_UIApplicationSupportsIndirectInputEvents = YES;
				INFOPLIST_KEY_UILaunchStoryboardName = LaunchScreen;
				INFOPLIST_KEY_UIMainStoryboardFile = Main;
				INFOPLIST_KEY_UISupportedInterfaceOrientations_iPad = "UIInterfaceOrientationPortrait UIInterfaceOrientationPortraitUpsideDown";
				INFOPLIST_KEY_UISupportedInterfaceOrientations_iPhone = "UIInterfaceOrientationPortrait UIInterfaceOrientationLandscapeLeft UIInterfaceOrientationLandscapeRight";
				LD_RUNPATH_SEARCH_PATHS = (
					"$(inherited)",
					"@executable_path/Frameworks",
				);
				MARKETING_VERSION = 1.0;
				PRODUCT_BUNDLE_IDENTIFIER = empresa.Mensajitos;
				PRODUCT_NAME = "$(TARGET_NAME)";
				SWIFT_EMIT_LOC_STRINGS = YES;
				SWIFT_VERSION = 5.0;
				TARGETED_DEVICE_FAMILY = "1,2";
			};
			name = Release;
		};
/* End XCBuildConfiguration section */

/* Begin XCConfigurationList section */
		B4F64D5E29445F39001DCD06 /* Build configuration list for PBXProject "Mensajitos" */ = {
			isa = XCConfigurationList;
			buildConfigurations = (
				B4F64D7529445F3C001DCD06 /* Debug */,
				B4F64D7629445F3C001DCD06 /* Release */,
			);
			defaultConfigurationIsVisible = 0;
			defaultConfigurationName = Release;
		};
		B4F64D7729445F3C001DCD06 /* Build configuration list for PBXNativeTarget "Mensajitos" */ = {
			isa = XCConfigurationList;
			buildConfigurations = (
				B4F64D7829445F3C001DCD06 /* Debug */,
				B4F64D7929445F3C001DCD06 /* Release */,
			);
			defaultConfigurationIsVisible = 0;
			defaultConfigurationName = Release;
		};
/* End XCConfigurationList section */

/* Begin XCRemoteSwiftPackageReference section */
		B4A487FB2944F1EA001849D4 /* XCRemoteSwiftPackageReference "firebase-ios-sdk" */ = {
			isa = XCRemoteSwiftPackageReference;
			repositoryURL = "https://github.com/firebase/firebase-ios-sdk";
			requirement = {
				branch = master;
				kind = branch;
			};
		};
/* End XCRemoteSwiftPackageReference section */

/* Begin XCSwiftPackageProductDependency section */
		B4A487FC2944F1EA001849D4 /* FirebaseAuth */ = {
			isa = XCSwiftPackageProductDependency;
			package = B4A487FB2944F1EA001849D4 /* XCRemoteSwiftPackageReference "firebase-ios-sdk" */;
			productName = FirebaseAuth;
		};
		B4A487FE2944F1EA001849D4 /* FirebaseDatabase */ = {
			isa = XCSwiftPackageProductDependency;
			package = B4A487FB2944F1EA001849D4 /* XCRemoteSwiftPackageReference "firebase-ios-sdk" */;
			productName = FirebaseDatabase;
		};
		B4A488002944F1EA001849D4 /* FirebaseStorage */ = {
			isa = XCSwiftPackageProductDependency;
			package = B4A487FB2944F1EA001849D4 /* XCRemoteSwiftPackageReference "firebase-ios-sdk" */;
			productName = FirebaseStorage;
		};
/* End XCSwiftPackageProductDependency section */
	};
	rootObject = B4F64D5B29445F39001DCD06 /* Project object */;
}
